
Microsoft Visual Studio Solution File, Format Version 12.00
# Visual Studio Version 17
VisualStudioVersion = 17.8.34511.84
MinimumVisualStudioVersion = 10.0.40219.1
Project("{FAE04EC0-301F-11D3-BF4B-00C04F79EFBC}") = "FightSimulation", "FightSimulation\FightSimulation.csproj", "{B9D6FA2F-6DFA-4AEC-816E-01567D8993EF}"
EndProject
Global
	GlobalSection(SolutionConfigurationPlatforms) = preSolution
		Debug|Any CPU = Debug|Any CPU
		Release|Any CPU = Release|Any CPU
	EndGlobalSection
	GlobalSection(ProjectConfigurationPlatforms) = postSolution
		{B9D6FA2F-6DFA-4AEC-816E-01567D8993EF}.Debug|Any CPU.ActiveCfg = Debug|Any CPU
		{B9D6FA2F-6DFA-4AEC-816E-01567D8993EF}.Debug|Any CPU.Build.0 = Debug|Any CPU
		{B9D6FA2F-6DFA-4AEC-816E-01567D8993EF}.Release|Any CPU.ActiveCfg = Release|Any CPU
		{B9D6FA2F-6DFA-4AEC-816E-01567D8993EF}.Release|Any CPU.Build.0 = Release|Any CPU
	EndGlobalSection
	GlobalSection(SolutionProperties) = preSolution
		HideSolutionNode = FALSE
	EndGlobalSection
	GlobalSection(ExtensibilityGlobals) = postSolution
		SolutionGuid = {6230349D-878D-4065-BF96-2F594366F317}
	EndGlobalSection
EndGlobal
